<?xml version="1.0" encoding="utf-8"?>
<Project ToolsVersion="4.0" xmlns="http://schemas.microsoft.com/developer/msbuild/2003">
  <ItemGroup>
    <Filter Include="Source Files">
      <UniqueIdentifier>{4FC737F1-C7A5-4376-A066-2A32D752A2FF}</UniqueIdentifier>
      <Extensions>cpp;c;cc;cxx;def;odl;idl;hpj;bat;asm;asmx</Extensions>
    </Filter>
    <Filter Include="Header Files">
      <UniqueIdentifier>{93995380-89BD-4b04-88EB-625FBE52EBFB}</UniqueIdentifier>
      <Extensions>h;hh;hpp;hxx;hm;inl;inc;ipp;xsd</Extensions>
    </Filter>
    <Filter Include="Resource Files">
      <UniqueIdentifier>{67DA6AB6-F800-4c08-8B7A-83BB121AAD01}</UniqueIdentifier>
      <Extensions>rc;ico;cur;bmp;dlg;rc2;rct;bin;rgs;gif;jpg;jpeg;jpe;resx;tiff;tif;png;wav;mfcribbon-ms</Extensions>
    </Filter>
    <Filter Include="Shared">
      <UniqueIdentifier>{48861d64-ef6a-4475-ad4e-19a10ec0395c}</UniqueIdentifier>
    </Filter>
    <Filter Include="Logic">
      <UniqueIdentifier>{c4957acc-310c-4664-8bb0-7179127e0fdd}</UniqueIdentifier>
    </Filter>
    <Filter Include="HttpServer">
      <UniqueIdentifier>{8be510e5-9ad6-440e-a07a-ccd3be4ac2f4}</UniqueIdentifier>
    </Filter>
  </ItemGroup>
  <ItemGroup>
    <ClInclude Include="TcpServer.h">
      <Filter>Header Files</Filter>
    </ClInclude>
    <ClInclude Include="..\Shared\code\protobuf\BaseCmd.pb.h">
      <Filter>Shared</Filter>
    </ClInclude>
    <ClInclude Include="..\Shared\code\utility\BaseSocketConnection.h">
      <Filter>Shared</Filter>
    </ClInclude>
    <ClInclude Include="..\Shared\code\utility\Singleton.h">
      <Filter>Shared</Filter>
    </ClInclude>
    <ClInclude Include="..\Shared\code\utility\MessageRoute.h">
      <Filter>Shared</Filter>
    </ClInclude>
    <ClInclude Include="HttpServer\connection.hpp">
      <Filter>HttpServer</Filter>
    </ClInclude>
    <ClInclude Include="HttpServer\connection_manager.hpp">
      <Filter>HttpServer</Filter>
    </ClInclude>
    <ClInclude Include="HttpServer\header.hpp">
      <Filter>HttpServer</Filter>
    </ClInclude>
    <ClInclude Include="HttpServer\http_server.hpp">
      <Filter>HttpServer</Filter>
    </ClInclude>
    <ClInclude Include="HttpServer\mime_types.hpp">
      <Filter>HttpServer</Filter>
    </ClInclude>
    <ClInclude Include="HttpServer\reply.hpp">
      <Filter>HttpServer</Filter>
    </ClInclude>
    <ClInclude Include="HttpServer\request.hpp">
      <Filter>HttpServer</Filter>
    </ClInclude>
    <ClInclude Include="HttpServer\request_handler.hpp">
      <Filter>HttpServer</Filter>
    </ClInclude>
    <ClInclude Include="HttpServer\request_parser.hpp">
      <Filter>HttpServer</Filter>
    </ClInclude>
  </ItemGroup>
  <ItemGroup>
    <ClCompile Include="TcpServer.cpp">
      <Filter>Source Files</Filter>
    </ClCompile>
    <ClCompile Include="main.cpp">
      <Filter>Source Files</Filter>
    </ClCompile>
    <ClCompile Include="..\Shared\code\protobuf\BaseCmd.pb.cc">
      <Filter>Shared</Filter>
    </ClCompile>
    <ClCompile Include="..\Shared\code\utility\MessageRoute.cpp">
      <Filter>Shared</Filter>
    </ClCompile>
    <ClCompile Include="..\Shared\code\utility\BaseSocketConnection.cpp">
      <Filter>Shared</Filter>
    </ClCompile>
    <ClCompile Include="SigninProcessor.cpp">
      <Filter>Source Files</Filter>
    </ClCompile>
    <ClCompile Include="MoveProcessor.cpp">
      <Filter>Source Files</Filter>
    </ClCompile>
    <ClCompile Include="ServerMessageDispatcher.cpp">
      <Filter>Source Files</Filter>
    </ClCompile>
    <ClCompile Include="..\Shared\code\utility\BaseMessageDispatcher.cpp">
      <Filter>Shared</Filter>
    </ClCompile>
    <ClCompile Include="HttpServer\connection.cpp">
      <Filter>HttpServer</Filter>
    </ClCompile>
    <ClCompile Include="HttpServer\connection_manager.cpp">
      <Filter>HttpServer</Filter>
    </ClCompile>
    <ClCompile Include="HttpServer\http_server.cpp">
      <Filter>HttpServer</Filter>
    </ClCompile>
    <ClCompile Include="HttpServer\mime_types.cpp">
      <Filter>HttpServer</Filter>
    </ClCompile>
    <ClCompile Include="HttpServer\reply.cpp">
      <Filter>HttpServer</Filter>
    </ClCompile>
    <ClCompile Include="HttpServer\request_handler.cpp">
      <Filter>HttpServer</Filter>
    </ClCompile>
    <ClCompile Include="HttpServer\request_parser.cpp">
      <Filter>HttpServer</Filter>
    </ClCompile>
  </ItemGroup>
</Project>